
Microsoft Visual Studio Solution File, Format Version 12.00
# Visual Studio 15
VisualStudioVersion = 15.0.26730.16
MinimumVisualStudioVersion = 10.0.40219.1
Project("{FAE04EC0-301F-11D3-BF4B-00C04F79EFBC}") = "clamAV", "clamAV\clamAV.csproj", "{5E39CB92-7278-4FA7-9050-4D19B3BAD451}"
EndProject
Global
	GlobalSection(SolutionConfigurationPlatforms) = preSolution
		Debug|Any CPU = Debug|Any CPU
		Release|Any CPU = Release|Any CPU
	EndGlobalSection
	GlobalSection(ProjectConfigurationPlatforms) = postSolution
		{5E39CB92-7278-4FA7-9050-4D19B3BAD451}.Debug|Any CPU.ActiveCfg = Debug|Any CPU
		{5E39CB92-7278-4FA7-9050-4D19B3BAD451}.Debug|Any CPU.Build.0 = Debug|Any CPU
		{5E39CB92-7278-4FA7-9050-4D19B3BAD451}.Release|Any CPU.ActiveCfg = Release|Any CPU
		{5E39CB92-7278-4FA7-9050-4D19B3BAD451}.Release|Any CPU.Build.0 = Release|Any CPU
	EndGlobalSection
	GlobalSection(SolutionProperties) = preSolution
		HideSolutionNode = FALSE
	EndGlobalSection
	GlobalSection(ExtensibilityGlobals) = postSolution
		SolutionGuid = {B9EA7E0D-602C-477C-976A-C7CCF046D5D7}
	EndGlobalSection
EndGlobal
